
Microsoft Visual Studio Solution File, Format Version 12.00
# Visual Studio Version 16
VisualStudioVersion = 16.0.31613.86
MinimumVisualStudioVersion = 10.0.40219.1
Project("{FAE04EC0-301F-11D3-BF4B-00C04F79EFBC}") = "Homework Week 7", "Homework Week 7\Homework Week 7.csproj", "{13F71002-4C29-4DEA-AEF4-C9569E418EEA}"
EndProject
Global
	GlobalSection(SolutionConfigurationPlatforms) = preSolution
		Debug|Any CPU = Debug|Any CPU
		Release|Any CPU = Release|Any CPU
	EndGlobalSection
	GlobalSection(ProjectConfigurationPlatforms) = postSolution
		{13F71002-4C29-4DEA-AEF4-C9569E418EEA}.Debug|Any CPU.ActiveCfg = Debug|Any CPU
		{13F71002-4C29-4DEA-AEF4-C9569E418EEA}.Debug|Any CPU.Build.0 = Debug|Any CPU
		{13F71002-4C29-4DEA-AEF4-C9569E418EEA}.Release|Any CPU.ActiveCfg = Release|Any CPU
		{13F71002-4C29-4DEA-AEF4-C9569E418EEA}.Release|Any CPU.Build.0 = Release|Any CPU
	EndGlobalSection
	GlobalSection(SolutionProperties) = preSolution
		HideSolutionNode = FALSE
	EndGlobalSection
	GlobalSection(ExtensibilityGlobals) = postSolution
		SolutionGuid = {3A9302FA-E86B-4EE3-AC46-521ACC15EBC5}
	EndGlobalSection
EndGlobal
